
Microsoft Visual Studio Solution File, Format Version 12.00
Project("{FAE04EC0-301F-11D3-BF4B-00C04F79EFBC}") = "UAssetParser", "UAssetParser\UAssetParser.csproj", "{AE18036B-237F-49A9-8F77-F22660EF334E}"
EndProject
Global
	GlobalSection(SolutionConfigurationPlatforms) = preSolution
		Debug|Any CPU = Debug|Any CPU
		Release|Any CPU = Release|Any CPU
	EndGlobalSection
	GlobalSection(ProjectConfigurationPlatforms) = postSolution
		{AE18036B-237F-49A9-8F77-F22660EF334E}.Debug|Any CPU.ActiveCfg = Debug|Any CPU
		{AE18036B-237F-49A9-8F77-F22660EF334E}.Debug|Any CPU.Build.0 = Debug|Any CPU
		{AE18036B-237F-49A9-8F77-F22660EF334E}.Release|Any CPU.ActiveCfg = Release|Any CPU
		{AE18036B-237F-49A9-8F77-F22660EF334E}.Release|Any CPU.Build.0 = Release|Any CPU
	EndGlobalSection
EndGlobal
